
Microsoft Visual Studio Solution File, Format Version 12.00
# Visual Studio Version 16
VisualStudioVersion = 16.0.32126.315
MinimumVisualStudioVersion = 10.0.40219.1
Project("{9A19103F-16F7-4668-BE54-9A1E7A4F7556}") = "Calculator.CalculatorLogic", "Calculator\Calculator.CalculatorLogic.csproj", "{F1679873-0EDB-46EC-8DC5-8B84A43B1BA8}"
EndProject
Project("{9A19103F-16F7-4668-BE54-9A1E7A4F7556}") = "Calculator.CalculatorLogic.Tests", "TestCalculator\Calculator.CalculatorLogic.Tests.csproj", "{87BC4A71-32DD-4243-B461-DC8FAD14F2F3}"
EndProject
Project("{9A19103F-16F7-4668-BE54-9A1E7A4F7556}") = "Calculator.ConsoleApp", "Calculator.ConsoleApp\Calculator.ConsoleApp.csproj", "{FF673275-338B-47A7-ABEB-714C31F2A033}"
EndProject
Project("{FAE04EC0-301F-11D3-BF4B-00C04F79EFBC}") = "Calculator.ConsoleApp.Tests", "Calculator.ConsoleApp.Tests\Calculator.ConsoleApp.Tests.csproj", "{30CA4165-4168-4032-B9B7-916F2358E4BB}"
EndProject
Global
	GlobalSection(SolutionConfigurationPlatforms) = preSolution
		Debug|Any CPU = Debug|Any CPU
		Release|Any CPU = Release|Any CPU
	EndGlobalSection
	GlobalSection(ProjectConfigurationPlatforms) = postSolution
		{F1679873-0EDB-46EC-8DC5-8B84A43B1BA8}.Debug|Any CPU.ActiveCfg = Debug|Any CPU
		{F1679873-0EDB-46EC-8DC5-8B84A43B1BA8}.Debug|Any CPU.Build.0 = Debug|Any CPU
		{F1679873-0EDB-46EC-8DC5-8B84A43B1BA8}.Release|Any CPU.ActiveCfg = Release|Any CPU
		{F1679873-0EDB-46EC-8DC5-8B84A43B1BA8}.Release|Any CPU.Build.0 = Release|Any CPU
		{87BC4A71-32DD-4243-B461-DC8FAD14F2F3}.Debug|Any CPU.ActiveCfg = Debug|Any CPU
		{87BC4A71-32DD-4243-B461-DC8FAD14F2F3}.Debug|Any CPU.Build.0 = Debug|Any CPU
		{87BC4A71-32DD-4243-B461-DC8FAD14F2F3}.Release|Any CPU.ActiveCfg = Release|Any CPU
		{87BC4A71-32DD-4243-B461-DC8FAD14F2F3}.Release|Any CPU.Build.0 = Release|Any CPU
		{FF673275-338B-47A7-ABEB-714C31F2A033}.Debug|Any CPU.ActiveCfg = Debug|Any CPU
		{FF673275-338B-47A7-ABEB-714C31F2A033}.Debug|Any CPU.Build.0 = Debug|Any CPU
		{FF673275-338B-47A7-ABEB-714C31F2A033}.Release|Any CPU.ActiveCfg = Release|Any CPU
		{FF673275-338B-47A7-ABEB-714C31F2A033}.Release|Any CPU.Build.0 = Release|Any CPU
		{30CA4165-4168-4032-B9B7-916F2358E4BB}.Debug|Any CPU.ActiveCfg = Debug|Any CPU
		{30CA4165-4168-4032-B9B7-916F2358E4BB}.Debug|Any CPU.Build.0 = Debug|Any CPU
		{30CA4165-4168-4032-B9B7-916F2358E4BB}.Release|Any CPU.ActiveCfg = Release|Any CPU
		{30CA4165-4168-4032-B9B7-916F2358E4BB}.Release|Any CPU.Build.0 = Release|Any CPU
	EndGlobalSection
	GlobalSection(SolutionProperties) = preSolution
		HideSolutionNode = FALSE
	EndGlobalSection
	GlobalSection(ExtensibilityGlobals) = postSolution
		SolutionGuid = {C2DC26A7-D8B5-4897-90EB-D533EEBC3972}
	EndGlobalSection
EndGlobal
