
Microsoft Visual Studio Solution File, Format Version 12.00
# Visual Studio Version 16
VisualStudioVersion = 16.0.32126.315
MinimumVisualStudioVersion = 10.0.40219.1
Project("{FAE04EC0-301F-11D3-BF4B-00C04F79EFBC}") = "Calculator", "Calculator\Calculator.csproj", "{F1679873-0EDB-46EC-8DC5-8B84A43B1BA8}"
EndProject
Project("{FAE04EC0-301F-11D3-BF4B-00C04F79EFBC}") = "TestCalculator", "TestCalculator\TestCalculator.csproj", "{7D161F26-9017-4DA2-BE5B-4E0AC7092B13}"
EndProject
Global
	GlobalSection(SolutionConfigurationPlatforms) = preSolution
		Debug|Any CPU = Debug|Any CPU
		Release|Any CPU = Release|Any CPU
	EndGlobalSection
	GlobalSection(ProjectConfigurationPlatforms) = postSolution
		{F1679873-0EDB-46EC-8DC5-8B84A43B1BA8}.Debug|Any CPU.ActiveCfg = Debug|Any CPU
		{F1679873-0EDB-46EC-8DC5-8B84A43B1BA8}.Debug|Any CPU.Build.0 = Debug|Any CPU
		{F1679873-0EDB-46EC-8DC5-8B84A43B1BA8}.Release|Any CPU.ActiveCfg = Release|Any CPU
		{F1679873-0EDB-46EC-8DC5-8B84A43B1BA8}.Release|Any CPU.Build.0 = Release|Any CPU
		{7D161F26-9017-4DA2-BE5B-4E0AC7092B13}.Debug|Any CPU.ActiveCfg = Debug|Any CPU
		{7D161F26-9017-4DA2-BE5B-4E0AC7092B13}.Debug|Any CPU.Build.0 = Debug|Any CPU
		{7D161F26-9017-4DA2-BE5B-4E0AC7092B13}.Release|Any CPU.ActiveCfg = Release|Any CPU
		{7D161F26-9017-4DA2-BE5B-4E0AC7092B13}.Release|Any CPU.Build.0 = Release|Any CPU
	EndGlobalSection
	GlobalSection(SolutionProperties) = preSolution
		HideSolutionNode = FALSE
	EndGlobalSection
	GlobalSection(ExtensibilityGlobals) = postSolution
		SolutionGuid = {C2DC26A7-D8B5-4897-90EB-D533EEBC3972}
	EndGlobalSection
EndGlobal
